
Microsoft Visual Studio Solution File, Format Version 12.00
# Visual Studio Version 16
VisualStudioVersion = 16.0.31112.23
MinimumVisualStudioVersion = 10.0.40219.1
Project("{2150E333-8FDC-42A3-9474-1A3956D46DE8}") = "Services", "Services", "{D32D8F47-BF1F-4EA3-B325-E23243189B68}"
EndProject
Project("{2150E333-8FDC-42A3-9474-1A3956D46DE8}") = "Catalog", "Catalog", "{947B85E9-A89E-4D5F-B10B-DFEE96D5ACCE}"
EndProject
Global
	GlobalSection(SolutionProperties) = preSolution
		HideSolutionNode = FALSE
	EndGlobalSection
	GlobalSection(NestedProjects) = preSolution
		{947B85E9-A89E-4D5F-B10B-DFEE96D5ACCE} = {D32D8F47-BF1F-4EA3-B325-E23243189B68}
	EndGlobalSection
	GlobalSection(ExtensibilityGlobals) = postSolution
		SolutionGuid = {A9F1EE39-A68B-427C-872C-83425A56F691}
	EndGlobalSection
EndGlobal
